Microsoft Visual Studio Solution File, Format Version 12.00
# Visual Studio Version 17
VisualStudioVersion = 17.5.2.0
MinimumVisualStudioVersion = 10.0.40219.1
Project("{FAE04EC0-301F-11D3-BF4B-00C04F79EFBC}") = "InfraSim", "InfraSim\InfraSim.csproj", "{D860814E-959C-AA4D-549C-0C135F99D5CA}"
EndProject
Global
	GlobalSection(SolutionConfigurationPlatforms) = preSolution
		Debug|Any CPU = Debug|Any CPU
		Release|Any CPU = Release|Any CPU
	EndGlobalSection
	GlobalSection(ProjectConfigurationPlatforms) = postSolution
		{D860814E-959C-AA4D-549C-0C135F99D5CA}.Debug|Any CPU.ActiveCfg = Debug|Any CPU
		{D860814E-959C-AA4D-549C-0C135F99D5CA}.Debug|Any CPU.Build.0 = Debug|Any CPU
		{D860814E-959C-AA4D-549C-0C135F99D5CA}.Release|Any CPU.ActiveCfg = Release|Any CPU
		{D860814E-959C-AA4D-549C-0C135F99D5CA}.Release|Any CPU.Build.0 = Release|Any CPU
	EndGlobalSection
	GlobalSection(SolutionProperties) = preSolution
		HideSolutionNode = FALSE
	EndGlobalSection
	GlobalSection(ExtensibilityGlobals) = postSolution
		SolutionGuid = {7EAFFB83-69E3-4C1F-BF09-8E75EA627178}
	EndGlobalSection
EndGlobal
